
Microsoft Visual Studio Solution File, Format Version 12.00
# Visual Studio 2017
Project("{FAE04EC0-301F-11D3-BF4B-00C04F79EFBC}") = "AfterLight", "AfterLight.csproj", "{4CF07FBD-D0CC-53EC-0DB1-884C78D6A49B}"
EndProject
Global
	GlobalSection(SolutionConfigurationPlatforms) = preSolution
		Debug|Any CPU = Debug|Any CPU
		Release|Any CPU = Release|Any CPU
	EndGlobalSection
	GlobalSection(ProjectConfigurationPlatforms) = postSolution
		{4CF07FBD-D0CC-53EC-0DB1-884C78D6A49B}.Debug|Any CPU.ActiveCfg = Debug|Any CPU
		{4CF07FBD-D0CC-53EC-0DB1-884C78D6A49B}.Debug|Any CPU.Build.0 = Debug|Any CPU
		{4CF07FBD-D0CC-53EC-0DB1-884C78D6A49B}.Release|Any CPU.ActiveCfg = Release|Any CPU
		{4CF07FBD-D0CC-53EC-0DB1-884C78D6A49B}.Release|Any CPU.Build.0 = Release|Any CPU
	EndGlobalSection
	GlobalSection(SolutionProperties) = preSolution
		HideSolutionNode = FALSE
	EndGlobalSection
EndGlobal
